
Microsoft Visual Studio Solution File, Format Version 12.00
# Visual Studio Version 16
VisualStudioVersion = 16.0.30114.105
MinimumVisualStudioVersion = 10.0.40219.1
Project("{FAE04EC0-301F-11D3-BF4B-00C04F79EFBC}") = "BookStores.Server", "Server\BookStores.Server.csproj", "{7427BD62-1662-4437-8F1B-A7768B31F645}"
EndProject
Project("{FAE04EC0-301F-11D3-BF4B-00C04F79EFBC}") = "BookStores.Client", "Client\BookStores.Client.csproj", "{7C5490B4-B249-4DA1-B948-C7DB65E3E296}"
EndProject
Project("{FAE04EC0-301F-11D3-BF4B-00C04F79EFBC}") = "BookStores.Shared", "Shared\BookStores.Shared.csproj", "{0A99238E-5A33-4C0C-A50A-FDA0FE011AB2}"
EndProject
Global
	GlobalSection(SolutionConfigurationPlatforms) = preSolution
		Debug|Any CPU = Debug|Any CPU
		Release|Any CPU = Release|Any CPU
	EndGlobalSection
	GlobalSection(ProjectConfigurationPlatforms) = postSolution
		{7427BD62-1662-4437-8F1B-A7768B31F645}.Debug|Any CPU.ActiveCfg = Debug|Any CPU
		{7427BD62-1662-4437-8F1B-A7768B31F645}.Debug|Any CPU.Build.0 = Debug|Any CPU
		{7427BD62-1662-4437-8F1B-A7768B31F645}.Release|Any CPU.ActiveCfg = Release|Any CPU
		{7427BD62-1662-4437-8F1B-A7768B31F645}.Release|Any CPU.Build.0 = Release|Any CPU
		{7C5490B4-B249-4DA1-B948-C7DB65E3E296}.Debug|Any CPU.ActiveCfg = Debug|Any CPU
		{7C5490B4-B249-4DA1-B948-C7DB65E3E296}.Debug|Any CPU.Build.0 = Debug|Any CPU
		{7C5490B4-B249-4DA1-B948-C7DB65E3E296}.Release|Any CPU.ActiveCfg = Release|Any CPU
		{7C5490B4-B249-4DA1-B948-C7DB65E3E296}.Release|Any CPU.Build.0 = Release|Any CPU
		{0A99238E-5A33-4C0C-A50A-FDA0FE011AB2}.Debug|Any CPU.ActiveCfg = Debug|Any CPU
		{0A99238E-5A33-4C0C-A50A-FDA0FE011AB2}.Debug|Any CPU.Build.0 = Debug|Any CPU
		{0A99238E-5A33-4C0C-A50A-FDA0FE011AB2}.Release|Any CPU.ActiveCfg = Release|Any CPU
		{0A99238E-5A33-4C0C-A50A-FDA0FE011AB2}.Release|Any CPU.Build.0 = Release|Any CPU
	EndGlobalSection
	GlobalSection(SolutionProperties) = preSolution
		HideSolutionNode = FALSE
	EndGlobalSection
	GlobalSection(ExtensibilityGlobals) = postSolution
		SolutionGuid = {E6583717-E78A-4725-B532-37EC80E11026}
	EndGlobalSection
EndGlobal
