
Microsoft Visual Studio Solution File, Format Version 12.00
# Visual Studio Version 16
VisualStudioVersion = 16.0.30204.135
MinimumVisualStudioVersion = 10.0.40219.1
Project("{9A19103F-16F7-4668-BE54-9A1E7A4F7556}") = "BookStores.Server", "Server\BookStores.Server.csproj", "{B993CF36-DFB0-46E6-B4C3-6A185EDC7F6A}"
EndProject
Project("{9A19103F-16F7-4668-BE54-9A1E7A4F7556}") = "BookStores.Client", "Client\BookStores.Client.csproj", "{59BB159A-4E45-475B-9834-D97B71AA758D}"
EndProject
Project("{9A19103F-16F7-4668-BE54-9A1E7A4F7556}") = "BookStores.Shared", "Shared\BookStores.Shared.csproj", "{2EA0955F-4760-4479-A228-EEAF49442BF4}"
EndProject
Project("{FAE04EC0-301F-11D3-BF4B-00C04F79EFBC}") = "BookStores.Tests", "..\tests\Telerik.TestStudio.Tests\BookStores.Tests.csproj", "{7571F672-DE4B-4F95-884E-4C6B9F92C50D}"
EndProject
Global
	GlobalSection(SolutionConfigurationPlatforms) = preSolution
		Debug|Any CPU = Debug|Any CPU
		Release|Any CPU = Release|Any CPU
	EndGlobalSection
	GlobalSection(ProjectConfigurationPlatforms) = postSolution
		{B993CF36-DFB0-46E6-B4C3-6A185EDC7F6A}.Debug|Any CPU.ActiveCfg = Debug|Any CPU
		{B993CF36-DFB0-46E6-B4C3-6A185EDC7F6A}.Debug|Any CPU.Build.0 = Debug|Any CPU
		{B993CF36-DFB0-46E6-B4C3-6A185EDC7F6A}.Release|Any CPU.ActiveCfg = Release|Any CPU
		{B993CF36-DFB0-46E6-B4C3-6A185EDC7F6A}.Release|Any CPU.Build.0 = Release|Any CPU
		{59BB159A-4E45-475B-9834-D97B71AA758D}.Debug|Any CPU.ActiveCfg = Debug|Any CPU
		{59BB159A-4E45-475B-9834-D97B71AA758D}.Debug|Any CPU.Build.0 = Debug|Any CPU
		{59BB159A-4E45-475B-9834-D97B71AA758D}.Release|Any CPU.ActiveCfg = Release|Any CPU
		{59BB159A-4E45-475B-9834-D97B71AA758D}.Release|Any CPU.Build.0 = Release|Any CPU
		{2EA0955F-4760-4479-A228-EEAF49442BF4}.Debug|Any CPU.ActiveCfg = Debug|Any CPU
		{2EA0955F-4760-4479-A228-EEAF49442BF4}.Debug|Any CPU.Build.0 = Debug|Any CPU
		{2EA0955F-4760-4479-A228-EEAF49442BF4}.Release|Any CPU.ActiveCfg = Release|Any CPU
		{2EA0955F-4760-4479-A228-EEAF49442BF4}.Release|Any CPU.Build.0 = Release|Any CPU
		{7571F672-DE4B-4F95-884E-4C6B9F92C50D}.Debug|Any CPU.ActiveCfg = Debug|Any CPU
		{7571F672-DE4B-4F95-884E-4C6B9F92C50D}.Debug|Any CPU.Build.0 = Debug|Any CPU
		{7571F672-DE4B-4F95-884E-4C6B9F92C50D}.Release|Any CPU.ActiveCfg = Release|Any CPU
		{7571F672-DE4B-4F95-884E-4C6B9F92C50D}.Release|Any CPU.Build.0 = Release|Any CPU
	EndGlobalSection
	GlobalSection(SolutionProperties) = preSolution
		HideSolutionNode = FALSE
	EndGlobalSection
	GlobalSection(ExtensibilityGlobals) = postSolution
		SolutionGuid = {9AA0BAD2-044B-407F-88EC-EE1E89B7EE9C}
	EndGlobalSection
EndGlobal
